
Microsoft Visual Studio Solution File, Format Version 12.00
# Visual Studio Version 17
VisualStudioVersion = 17.5.002.0
MinimumVisualStudioVersion = 10.0.40219.1
Project("{9A19103F-16F7-4668-BE54-9A1E7A4F7556}") = "Portifolio", "Portifolio\Portifolio.csproj", "{1D1BE1FD-43EC-49A4-992E-CF91E3027EB8}"
EndProject
Global
	GlobalSection(SolutionConfigurationPlatforms) = preSolution
		Debug|Any CPU = Debug|Any CPU
		Release|Any CPU = Release|Any CPU
	EndGlobalSection
	GlobalSection(ProjectConfigurationPlatforms) = postSolution
		{1D1BE1FD-43EC-49A4-992E-CF91E3027EB8}.Debug|Any CPU.ActiveCfg = Debug|Any CPU
		{1D1BE1FD-43EC-49A4-992E-CF91E3027EB8}.Debug|Any CPU.Build.0 = Debug|Any CPU
		{1D1BE1FD-43EC-49A4-992E-CF91E3027EB8}.Release|Any CPU.ActiveCfg = Release|Any CPU
		{1D1BE1FD-43EC-49A4-992E-CF91E3027EB8}.Release|Any CPU.Build.0 = Release|Any CPU
	EndGlobalSection
	GlobalSection(SolutionProperties) = preSolution
		HideSolutionNode = FALSE
	EndGlobalSection
	GlobalSection(ExtensibilityGlobals) = postSolution
		SolutionGuid = {D717C2BF-5F5B-4C11-8FBC-BEDDD276B815}
	EndGlobalSection
EndGlobal
